{
  "name": "logic.js-dcg",
  "version": "1.0.0",
  "lockfileVersion": 1,
  "requires": true,
  "dependencies": {
    "logic_js": {
      "version": "0.0.3",
      "resolved": "https://registry.npmjs.org/logic_js/-/logic_js-0.0.3.tgz",
      "integrity": "sha512-j+2u46GHzJt2+GT2agBiuny7hQwLKA6MFr7QNrIxzRKichG3BbIZKST39KBaWz8DBASD1kmpy4vVLecKl7crvQ=="
    },
    "tinymocha": {
      "version": "1.0.1",
      "resolved": "https://registry.npmjs.org/tinymocha/-/tinymocha-1.0.1.tgz",
      "integrity": "sha1-1oQCV3BhaENSQBvPa9Ch0G9hTUE=",
      "dev": true
    }
  }
}
